// !$*UTF8*$!
{
	archiveVersion = 1;
	classes = {
	};
	objectVersion = 46;
	objects = {

/* Begin PBXBuildFile section */
		7F14D46221B92577008592FE /* Notification.swift in Sources */ = {isa = PBXBuildFile; fileRef = 7F14D46121B92577008592FE /* Notification.swift */; };
		7F14D46421B938A4008592FE /* TimelineAccountVideoServices.swift in Sources */ = {isa = PBXBuildFile; fileRef = 7F14D46321B938A4008592FE /* TimelineAccountVideoServices.swift */; };
		7F14D46621B93988008592FE /* TimelineSubscriptionVideoServices.swift in Sources */ = {isa = PBXBuildFile; fileRef = 7F14D46521B93988008592FE /* TimelineSubscriptionVideoServices.swift */; };
		7F14D46821B93B2C008592FE /* TimelineTrendingVideoServices.swift in Sources */ = {isa = PBXBuildFile; fileRef = 7F14D46721B93B2C008592FE /* TimelineTrendingVideoServices.swift */; };
		7F2D2E2B202DD2E000DC8741 /* YoutubeMainTimelineViewModel.swift in Sources */ = {isa = PBXBuildFile; fileRef = 7F2D2E2A202DD2E000DC8741 /* YoutubeMainTimelineViewModel.swift */; };
		7F39C76A202E0B8B00F0073A /* AppCoordinator.swift in Sources */ = {isa = PBXBuildFile; fileRef = 7F39C769202E0B8B00F0073A /* AppCoordinator.swift */; };
		7F39C76C202E0BF700F0073A /* TimelineCoordinator.swift in Sources */ = {isa = PBXBuildFile; fileRef = 7F39C76B202E0BF700F0073A /* TimelineCoordinator.swift */; };
		7F3DC95D1FFD30FB00116B94 /* YoutubeCollectionViewFlowLayout.swift in Sources */ = {isa = PBXBuildFile; fileRef = 7F3DC95C1FFD30FB00116B94 /* YoutubeCollectionViewFlowLayout.swift */; };
		7F5F11C01FFF8016000D1F14 /* CoreDataManager.swift in Sources */ = {isa = PBXBuildFile; fileRef = 7F5F11BF1FFF8016000D1F14 /* CoreDataManager.swift */; };
		7F5F11C61FFF8136000D1F14 /* YoutubeModel.xcdatamodeld in Sources */ = {isa = PBXBuildFile; fileRef = 7F5F11C41FFF8136000D1F14 /* YoutubeModel.xcdatamodeld */; };
		7F5F11C81FFF89D7000D1F14 /* YoutubeVideoChannelModel.swift in Sources */ = {isa = PBXBuildFile; fileRef = 7F5F11C71FFF89D7000D1F14 /* YoutubeVideoChannelModel.swift */; };
		7F5F11CA1FFF89FC000D1F14 /* YoutubeVideoModel.swift in Sources */ = {isa = PBXBuildFile; fileRef = 7F5F11C91FFF89FC000D1F14 /* YoutubeVideoModel.swift */; };
		7F7783F221D122A70019690B /* ListToDetailTransitionDelegate.swift in Sources */ = {isa = PBXBuildFile; fileRef = 7F7783F121D122A70019690B /* ListToDetailTransitionDelegate.swift */; };
		7F7783F421D123120019690B /* ListToDetailAnimatedTransition.swift in Sources */ = {isa = PBXBuildFile; fileRef = 7F7783F321D123120019690B /* ListToDetailAnimatedTransition.swift */; };
		7F8895B6201763690039097A /* YoutubeRefreshControl.swift in Sources */ = {isa = PBXBuildFile; fileRef = 7F8895B5201763690039097A /* YoutubeRefreshControl.swift */; };
		7F8FC57D21B7DE6900599D49 /* CellIdentifiable.swift in Sources */ = {isa = PBXBuildFile; fileRef = 7F8FC57C21B7DE6900599D49 /* CellIdentifiable.swift */; };
		7F8FC58021B7DE7900599D49 /* SectionRowsRepresentable.swift in Sources */ = {isa = PBXBuildFile; fileRef = 7F8FC57F21B7DE7900599D49 /* SectionRowsRepresentable.swift */; };
		7F8FC58321B7DE8E00599D49 /* ViewModelCellPresentable.swift in Sources */ = {isa = PBXBuildFile; fileRef = 7F8FC58221B7DE8E00599D49 /* ViewModelCellPresentable.swift */; };
		7F8FC58721B7DEA100599D49 /* CellModelRepresentable.swift in Sources */ = {isa = PBXBuildFile; fileRef = 7F8FC58521B7DEA100599D49 /* CellModelRepresentable.swift */; };
		7F8FC58821B7DEA100599D49 /* IdentifiableTableViewCell.swift in Sources */ = {isa = PBXBuildFile; fileRef = 7F8FC58621B7DEA100599D49 /* IdentifiableTableViewCell.swift */; };
		7F8FC58B21B7DEC300599D49 /* Handler.swift in Sources */ = {isa = PBXBuildFile; fileRef = 7F8FC58A21B7DEC300599D49 /* Handler.swift */; };
		7F8FC58D21B7DEF200599D49 /* DecodingContainer.swift in Sources */ = {isa = PBXBuildFile; fileRef = 7F8FC58C21B7DEF200599D49 /* DecodingContainer.swift */; };
		7F8FC58F21B7DEF700599D49 /* Reusable.swift in Sources */ = {isa = PBXBuildFile; fileRef = 7F8FC58E21B7DEF700599D49 /* Reusable.swift */; };
		7F8FC59121B7DF0100599D49 /* ViewController.swift in Sources */ = {isa = PBXBuildFile; fileRef = 7F8FC59021B7DF0100599D49 /* ViewController.swift */; };
		7F8FC59321B7DF1200599D49 /* Cell.swift in Sources */ = {isa = PBXBuildFile; fileRef = 7F8FC59221B7DF1200599D49 /* Cell.swift */; };
		7F8FC59B21B7E08600599D49 /* APITargetType.swift in Sources */ = {isa = PBXBuildFile; fileRef = 7F8FC59821B7E08600599D49 /* APITargetType.swift */; };
		7F8FC59C21B7E08600599D49 /* APIProvider.swift in Sources */ = {isa = PBXBuildFile; fileRef = 7F8FC59921B7E08600599D49 /* APIProvider.swift */; };
		7F8FC59D21B7E08600599D49 /* APIError.swift in Sources */ = {isa = PBXBuildFile; fileRef = 7F8FC59A21B7E08600599D49 /* APIError.swift */; };
		7F8FC59F21B7E0A400599D49 /* DispatchQueue.swift in Sources */ = {isa = PBXBuildFile; fileRef = 7F8FC59E21B7E0A400599D49 /* DispatchQueue.swift */; };
		7F8FC5A121B7E0EC00599D49 /* String.swift in Sources */ = {isa = PBXBuildFile; fileRef = 7F8FC5A021B7E0EB00599D49 /* String.swift */; };
		7F8FC5A621B7E6C600599D49 /* APITimeline.swift in Sources */ = {isa = PBXBuildFile; fileRef = 7F8FC5A521B7E6C600599D49 /* APITimeline.swift */; };
		7F8FC5A821B7E9F200599D49 /* TimelineHomeVideoServices.swift in Sources */ = {isa = PBXBuildFile; fileRef = 7F8FC5A721B7E9F200599D49 /* TimelineHomeVideoServices.swift */; };
		7F8FC5AA21B8155C00599D49 /* ApplicationStorage.swift in Sources */ = {isa = PBXBuildFile; fileRef = 7F8FC5A921B8155C00599D49 /* ApplicationStorage.swift */; };
		7F94CD8D21B9467C00F53DB3 /* YotubeTimelineContainerCellModel.swift in Sources */ = {isa = PBXBuildFile; fileRef = 7F94CD8C21B9467C00F53DB3 /* YotubeTimelineContainerCellModel.swift */; };
		7F94CD8F21B9468E00F53DB3 /* YoutubeTimelineVideoSectionModel.swift in Sources */ = {isa = PBXBuildFile; fileRef = 7F94CD8E21B9468E00F53DB3 /* YoutubeTimelineVideoSectionModel.swift */; };
		7F94CD9321B94F4000F53DB3 /* YoutubeTimelineVideoCellModel.swift in Sources */ = {isa = PBXBuildFile; fileRef = 7F94CD9221B94F4000F53DB3 /* YoutubeTimelineVideoCellModel.swift */; };
		7FCB4D1A2018EF9A007EF281 /* ListToDetailAnimator.swift in Sources */ = {isa = PBXBuildFile; fileRef = 7FCB4D192018EF9A007EF281 /* ListToDetailAnimator.swift */; };
		8A1202BC1FE912C500A27C09 /* YoutubeVideoPlayerView.swift in Sources */ = {isa = PBXBuildFile; fileRef = 8A1202BB1FE912C500A27C09 /* YoutubeVideoPlayerView.swift */; };
		8A4915C01FE3C62700A187CD /* YoutubeTimelineContainerCollectionViewCell.swift in Sources */ = {isa = PBXBuildFile; fileRef = 8A4915BF1FE3C62700A187CD /* YoutubeTimelineContainerCollectionViewCell.swift */; };
		8A7B030C1FD6A76F0028BB9B /* AppDelegate.swift in Sources */ = {isa = PBXBuildFile; fileRef = 8A7B030B1FD6A76F0028BB9B /* AppDelegate.swift */; };
		8A7B03111FD6A76F0028BB9B /* Main.storyboard in Resources */ = {isa = PBXBuildFile; fileRef = 8A7B030F1FD6A76F0028BB9B /* Main.storyboard */; };
		8A7B03131FD6A76F0028BB9B /* Assets.xcassets in Resources */ = {isa = PBXBuildFile; fileRef = 8A7B03121FD6A76F0028BB9B /* Assets.xcassets */; };
		8A7B03161FD6A76F0028BB9B /* LaunchScreen.storyboard in Resources */ = {isa = PBXBuildFile; fileRef = 8A7B03141FD6A76F0028BB9B /* LaunchScreen.storyboard */; };
		8A7B03261FD6A93D0028BB9B /* YoutubeTimelineViewController.swift in Sources */ = {isa = PBXBuildFile; fileRef = 8A7B03251FD6A93D0028BB9B /* YoutubeTimelineViewController.swift */; };
		8A7B032E1FD6B0510028BB9B /* YoutubeTimelineVideoCollectionViewCell.swift in Sources */ = {isa = PBXBuildFile; fileRef = 8A7B032D1FD6B0510028BB9B /* YoutubeTimelineVideoCollectionViewCell.swift */; };
		8A7B03311FD6D3250028BB9B /* YoutubeExtensions.swift in Sources */ = {isa = PBXBuildFile; fileRef = 8A7B03301FD6D3250028BB9B /* YoutubeExtensions.swift */; };
		8A8906B01FD81B0D00D303E6 /* YoutubeNavigationBarTitleView.swift in Sources */ = {isa = PBXBuildFile; fileRef = 8A8906AF1FD81B0D00D303E6 /* YoutubeNavigationBarTitleView.swift */; };
		8A8906B41FD86DD600D303E6 /* YoutubeMenuBarCollectionViewCell.swift in Sources */ = {isa = PBXBuildFile; fileRef = 8A8906B31FD86DD600D303E6 /* YoutubeMenuBarCollectionViewCell.swift */; };
		8A9E0FDE1FD96D8C0065108D /* YoutubeMenuBarViewModel.swift in Sources */ = {isa = PBXBuildFile; fileRef = 8A9E0FDD1FD96D8C0065108D /* YoutubeMenuBarViewModel.swift */; };
		8A9E0FE01FD97A150065108D /* YoutubeVideo.swift in Sources */ = {isa = PBXBuildFile; fileRef = 8A9E0FDF1FD97A150065108D /* YoutubeVideo.swift */; };
		8A9E0FE21FD984030065108D /* YoutubeHelpedMethods.swift in Sources */ = {isa = PBXBuildFile; fileRef = 8A9E0FE11FD984030065108D /* YoutubeHelpedMethods.swift */; };
		8A9E0FE51FDAB1870065108D /* YoutubeDataManager.swift in Sources */ = {isa = PBXBuildFile; fileRef = 8A9E0FE41FDAB1870065108D /* YoutubeDataManager.swift */; };
		8A9E0FE71FDE801F0065108D /* Box.swift in Sources */ = {isa = PBXBuildFile; fileRef = 8A9E0FE61FDE801F0065108D /* Box.swift */; };
		8A9E0FE91FDEAB510065108D /* YoutubeSettingsMenuView.swift in Sources */ = {isa = PBXBuildFile; fileRef = 8A9E0FE81FDEAB500065108D /* YoutubeSettingsMenuView.swift */; };
		8A9E0FEB1FDEAD720065108D /* YoutubeSettingsMenuViewModel.swift in Sources */ = {isa = PBXBuildFile; fileRef = 8A9E0FEA1FDEAD720065108D /* YoutubeSettingsMenuViewModel.swift */; };
		8A9E0FED1FDEAE320065108D /* YoutubeMenuBarView.swift in Sources */ = {isa = PBXBuildFile; fileRef = 8A9E0FEC1FDEAE320065108D /* YoutubeMenuBarView.swift */; };
		8A9E0FEF1FDEAEBA0065108D /* YoutubeMenuBar.swift in Sources */ = {isa = PBXBuildFile; fileRef = 8A9E0FEE1FDEAEBA0065108D /* YoutubeMenuBar.swift */; };
		8A9E0FF11FDEB0A70065108D /* YoutubeSettingsMenu.swift in Sources */ = {isa = PBXBuildFile; fileRef = 8A9E0FF01FDEB0A70065108D /* YoutubeSettingsMenu.swift */; };
		8A9E0FF51FDEB5EF0065108D /* YoutubeSettingsMenuCollectionViewCell.swift in Sources */ = {isa = PBXBuildFile; fileRef = 8A9E0FF41FDEB5EF0065108D /* YoutubeSettingsMenuCollectionViewCell.swift */; };
		8ABD0F6B1FEA528700C8D254 /* YoutubeDetailVideoViewController.swift in Sources */ = {isa = PBXBuildFile; fileRef = 8ABD0F6A1FEA528700C8D254 /* YoutubeDetailVideoViewController.swift */; };
		8ABD0F6D1FEA84C500C8D254 /* YoutubeDetailVideoViewModel.swift in Sources */ = {isa = PBXBuildFile; fileRef = 8ABD0F6C1FEA84C500C8D254 /* YoutubeDetailVideoViewModel.swift */; };
		8AEC3D111FEAB73800B4FFA9 /* ProgressHudView.swift in Sources */ = {isa = PBXBuildFile; fileRef = 8AEC3D101FEAB73800B4FFA9 /* ProgressHudView.swift */; };
		A99C80DC384595F6665190E0 /* Pods_YoutubeApplication.framework in Frameworks */ = {isa = PBXBuildFile; fileRef = 46B9F88867E3F501E11D73EA /* Pods_YoutubeApplication.framework */; };
/* End PBXBuildFile section */

/* Begin PBXFileReference section */
		181FD587350F5FC5526A520C /* Pods-YoutubeApplication.release.xcconfig */ = {isa = PBXFileReference; includeInIndex = 1; lastKnownFileType = text.xcconfig; name = "Pods-YoutubeApplication.release.xcconfig"; path = "Pods/Target Support Files/Pods-YoutubeApplication/Pods-YoutubeApplication.release.xcconfig"; sourceTree = "<group>"; };
		46B9F88867E3F501E11D73EA /* Pods_YoutubeApplication.framework */ = {isa = PBXFileReference; explicitFileType = wrapper.framework; includeInIndex = 0; path = Pods_YoutubeApplication.framework; sourceTree = BUILT_PRODUCTS_DIR; };
		5C1120AABFD1715058793DF6 /* Pods-YoutubeApplication.debug.xcconfig */ = {isa = PBXFileReference; includeInIndex = 1; lastKnownFileType = text.xcconfig; name = "Pods-YoutubeApplication.debug.xcconfig"; path = "Pods/Target Support Files/Pods-YoutubeApplication/Pods-YoutubeApplication.debug.xcconfig"; sourceTree = "<group>"; };
		7F14D46121B92577008592FE /* Notification.swift */ = {isa = PBXFileReference; fileEncoding = 4; lastKnownFileType = sourcecode.swift; path = Notification.swift; sourceTree = "<group>"; };
		7F14D46321B938A4008592FE /* TimelineAccountVideoServices.swift */ = {isa = PBXFileReference; lastKnownFileType = sourcecode.swift; path = TimelineAccountVideoServices.swift; sourceTree = "<group>"; };
		7F14D46521B93988008592FE /* TimelineSubscriptionVideoServices.swift */ = {isa = PBXFileReference; lastKnownFileType = sourcecode.swift; path = TimelineSubscriptionVideoServices.swift; sourceTree = "<group>"; };
		7F14D46721B93B2C008592FE /* TimelineTrendingVideoServices.swift */ = {isa = PBXFileReference; lastKnownFileType = sourcecode.swift; path = TimelineTrendingVideoServices.swift; sourceTree = "<group>"; };
		7F2D2E2A202DD2E000DC8741 /* YoutubeMainTimelineViewModel.swift */ = {isa = PBXFileReference; lastKnownFileType = sourcecode.swift; path = YoutubeMainTimelineViewModel.swift; sourceTree = "<group>"; };
		7F39C769202E0B8B00F0073A /* AppCoordinator.swift */ = {isa = PBXFileReference; lastKnownFileType = sourcecode.swift; path = AppCoordinator.swift; sourceTree = "<group>"; };
		7F39C76B202E0BF700F0073A /* TimelineCoordinator.swift */ = {isa = PBXFileReference; lastKnownFileType = sourcecode.swift; path = TimelineCoordinator.swift; sourceTree = "<group>"; };
		7F3DC95C1FFD30FB00116B94 /* YoutubeCollectionViewFlowLayout.swift */ = {isa = PBXFileReference; lastKnownFileType = sourcecode.swift; path = YoutubeCollectionViewFlowLayout.swift; sourceTree = "<group>"; };
		7F5F11BF1FFF8016000D1F14 /* CoreDataManager.swift */ = {isa = PBXFileReference; lastKnownFileType = sourcecode.swift; path = CoreDataManager.swift; sourceTree = "<group>"; };
		7F5F11C51FFF8136000D1F14 /* YoutubeModel.xcdatamodel */ = {isa = PBXFileReference; lastKnownFileType = wrapper.xcdatamodel; path = YoutubeModel.xcdatamodel; sourceTree = "<group>"; };
		7F5F11C71FFF89D7000D1F14 /* YoutubeVideoChannelModel.swift */ = {isa = PBXFileReference; lastKnownFileType = sourcecode.swift; path = YoutubeVideoChannelModel.swift; sourceTree = "<group>"; };
		7F5F11C91FFF89FC000D1F14 /* YoutubeVideoModel.swift */ = {isa = PBXFileReference; lastKnownFileType = sourcecode.swift; path = YoutubeVideoModel.swift; sourceTree = "<group>"; };
		7F7783F121D122A70019690B /* ListToDetailTransitionDelegate.swift */ = {isa = PBXFileReference; lastKnownFileType = sourcecode.swift; path = ListToDetailTransitionDelegate.swift; sourceTree = "<group>"; };
		7F7783F321D123120019690B /* ListToDetailAnimatedTransition.swift */ = {isa = PBXFileReference; lastKnownFileType = sourcecode.swift; path = ListToDetailAnimatedTransition.swift; sourceTree = "<group>"; };
		7F8895B5201763690039097A /* YoutubeRefreshControl.swift */ = {isa = PBXFileReference; lastKnownFileType = sourcecode.swift; path = YoutubeRefreshControl.swift; sourceTree = "<group>"; };
		7F8FC57C21B7DE6900599D49 /* CellIdentifiable.swift */ = {isa = PBXFileReference; fileEncoding = 4; lastKnownFileType = sourcecode.swift; path = CellIdentifiable.swift; sourceTree = "<group>"; };
		7F8FC57F21B7DE7900599D49 /* SectionRowsRepresentable.swift */ = {isa = PBXFileReference; fileEncoding = 4; lastKnownFileType = sourcecode.swift; path = SectionRowsRepresentable.swift; sourceTree = "<group>"; };
		7F8FC58221B7DE8E00599D49 /* ViewModelCellPresentable.swift */ = {isa = PBXFileReference; fileEncoding = 4; lastKnownFileType = sourcecode.swift; path = ViewModelCellPresentable.swift; sourceTree = "<group>"; };
		7F8FC58521B7DEA100599D49 /* CellModelRepresentable.swift */ = {isa = PBXFileReference; fileEncoding = 4; lastKnownFileType = sourcecode.swift; path = CellModelRepresentable.swift; sourceTree = "<group>"; };
		7F8FC58621B7DEA100599D49 /* IdentifiableTableViewCell.swift */ = {isa = PBXFileReference; fileEncoding = 4; lastKnownFileType = sourcecode.swift; path = IdentifiableTableViewCell.swift; sourceTree = "<group>"; };
		7F8FC58A21B7DEC300599D49 /* Handler.swift */ = {isa = PBXFileReference; fileEncoding = 4; lastKnownFileType = sourcecode.swift; path = Handler.swift; sourceTree = "<group>"; };
		7F8FC58C21B7DEF200599D49 /* DecodingContainer.swift */ = {isa = PBXFileReference; fileEncoding = 4; lastKnownFileType = sourcecode.swift; path = DecodingContainer.swift; sourceTree = "<group>"; };
		7F8FC58E21B7DEF700599D49 /* Reusable.swift */ = {isa = PBXFileReference; fileEncoding = 4; lastKnownFileType = sourcecode.swift; path = Reusable.swift; sourceTree = "<group>"; };
		7F8FC59021B7DF0100599D49 /* ViewController.swift */ = {isa = PBXFileReference; fileEncoding = 4; lastKnownFileType = sourcecode.swift; path = ViewController.swift; sourceTree = "<group>"; };
		7F8FC59221B7DF1200599D49 /* Cell.swift */ = {isa = PBXFileReference; fileEncoding = 4; lastKnownFileType = sourcecode.swift; path = Cell.swift; sourceTree = "<group>"; };
		7F8FC59821B7E08600599D49 /* APITargetType.swift */ = {isa = PBXFileReference; fileEncoding = 4; lastKnownFileType = sourcecode.swift; path = APITargetType.swift; sourceTree = "<group>"; };
		7F8FC59921B7E08600599D49 /* APIProvider.swift */ = {isa = PBXFileReference; fileEncoding = 4; lastKnownFileType = sourcecode.swift; path = APIProvider.swift; sourceTree = "<group>"; };
		7F8FC59A21B7E08600599D49 /* APIError.swift */ = {isa = PBXFileReference; fileEncoding = 4; lastKnownFileType = sourcecode.swift; path = APIError.swift; sourceTree = "<group>"; };
		7F8FC59E21B7E0A400599D49 /* DispatchQueue.swift */ = {isa = PBXFileReference; fileEncoding = 4; lastKnownFileType = sourcecode.swift; path = DispatchQueue.swift; sourceTree = "<group>"; };
		7F8FC5A021B7E0EB00599D49 /* String.swift */ = {isa = PBXFileReference; fileEncoding = 4; lastKnownFileType = sourcecode.swift; path = String.swift; sourceTree = "<group>"; };
		7F8FC5A521B7E6C600599D49 /* APITimeline.swift */ = {isa = PBXFileReference; lastKnownFileType = sourcecode.swift; path = APITimeline.swift; sourceTree = "<group>"; };
		7F8FC5A721B7E9F200599D49 /* TimelineHomeVideoServices.swift */ = {isa = PBXFileReference; lastKnownFileType = sourcecode.swift; path = TimelineHomeVideoServices.swift; sourceTree = "<group>"; };
		7F8FC5A921B8155C00599D49 /* ApplicationStorage.swift */ = {isa = PBXFileReference; fileEncoding = 4; lastKnownFileType = sourcecode.swift; path = ApplicationStorage.swift; sourceTree = "<group>"; };
		7F94CD8C21B9467C00F53DB3 /* YotubeTimelineContainerCellModel.swift */ = {isa = PBXFileReference; lastKnownFileType = sourcecode.swift; path = YotubeTimelineContainerCellModel.swift; sourceTree = "<group>"; };
		7F94CD8E21B9468E00F53DB3 /* YoutubeTimelineVideoSectionModel.swift */ = {isa = PBXFileReference; lastKnownFileType = sourcecode.swift; path = YoutubeTimelineVideoSectionModel.swift; sourceTree = "<group>"; };
		7F94CD9221B94F4000F53DB3 /* YoutubeTimelineVideoCellModel.swift */ = {isa = PBXFileReference; lastKnownFileType = sourcecode.swift; path = YoutubeTimelineVideoCellModel.swift; sourceTree = "<group>"; };
		7FCB4D192018EF9A007EF281 /* ListToDetailAnimator.swift */ = {isa = PBXFileReference; lastKnownFileType = sourcecode.swift; path = ListToDetailAnimator.swift; sourceTree = "<group>"; };
		8A1202BB1FE912C500A27C09 /* YoutubeVideoPlayerView.swift */ = {isa = PBXFileReference; fileEncoding = 4; lastKnownFileType = sourcecode.swift; path = YoutubeVideoPlayerView.swift; sourceTree = "<group>"; };
		8A4915BF1FE3C62700A187CD /* YoutubeTimelineContainerCollectionViewCell.swift */ = {isa = PBXFileReference; fileEncoding = 4; lastKnownFileType = sourcecode.swift; path = YoutubeTimelineContainerCollectionViewCell.swift; sourceTree = "<group>"; };
		8A7B03081FD6A76E0028BB9B /* YoutubeApplication.app */ = {isa = PBXFileReference; explicitFileType = wrapper.application; includeInIndex = 0; path = YoutubeApplication.app; sourceTree = BUILT_PRODUCTS_DIR; };
		8A7B030B1FD6A76F0028BB9B /* AppDelegate.swift */ = {isa = PBXFileReference; lastKnownFileType = sourcecode.swift; path = AppDelegate.swift; sourceTree = "<group>"; };
		8A7B03101FD6A76F0028BB9B /* Base */ = {isa = PBXFileReference; lastKnownFileType = file.storyboard; name = Base; path = Base.lproj/Main.storyboard; sourceTree = "<group>"; };
		8A7B03121FD6A76F0028BB9B /* Assets.xcassets */ = {isa = PBXFileReference; lastKnownFileType = folder.assetcatalog; path = Assets.xcassets; sourceTree = "<group>"; };
		8A7B03151FD6A76F0028BB9B /* Base */ = {isa = PBXFileReference; lastKnownFileType = file.storyboard; name = Base; path = Base.lproj/LaunchScreen.storyboard; sourceTree = "<group>"; };
		8A7B03171FD6A76F0028BB9B /* Info.plist */ = {isa = PBXFileReference; lastKnownFileType = text.plist.xml; path = Info.plist; sourceTree = "<group>"; };
		8A7B03251FD6A93D0028BB9B /* YoutubeTimelineViewController.swift */ = {isa = PBXFileReference; fileEncoding = 4; lastKnownFileType = sourcecode.swift; path = YoutubeTimelineViewController.swift; sourceTree = "<group>"; };
		8A7B032D1FD6B0510028BB9B /* YoutubeTimelineVideoCollectionViewCell.swift */ = {isa = PBXFileReference; fileEncoding = 4; lastKnownFileType = sourcecode.swift; path = YoutubeTimelineVideoCollectionViewCell.swift; sourceTree = "<group>"; };
		8A7B03301FD6D3250028BB9B /* YoutubeExtensions.swift */ = {isa = PBXFileReference; fileEncoding = 4; lastKnownFileType = sourcecode.swift; path = YoutubeExtensions.swift; sourceTree = "<group>"; };
		8A8906AF1FD81B0D00D303E6 /* YoutubeNavigationBarTitleView.swift */ = {isa = PBXFileReference; fileEncoding = 4; lastKnownFileType = sourcecode.swift; path = YoutubeNavigationBarTitleView.swift; sourceTree = "<group>"; };
		8A8906B31FD86DD600D303E6 /* YoutubeMenuBarCollectionViewCell.swift */ = {isa = PBXFileReference; fileEncoding = 4; lastKnownFileType = sourcecode.swift; path = YoutubeMenuBarCollectionViewCell.swift; sourceTree = "<group>"; };
		8A9E0FDD1FD96D8C0065108D /* YoutubeMenuBarViewModel.swift */ = {isa = PBXFileReference; fileEncoding = 4; lastKnownFileType = sourcecode.swift; path = YoutubeMenuBarViewModel.swift; sourceTree = "<group>"; };
		8A9E0FDF1FD97A150065108D /* YoutubeVideo.swift */ = {isa = PBXFileReference; fileEncoding = 4; lastKnownFileType = sourcecode.swift; path = YoutubeVideo.swift; sourceTree = "<group>"; };
		8A9E0FE11FD984030065108D /* YoutubeHelpedMethods.swift */ = {isa = PBXFileReference; fileEncoding = 4; lastKnownFileType = sourcecode.swift; path = YoutubeHelpedMethods.swift; sourceTree = "<group>"; };
		8A9E0FE41FDAB1870065108D /* YoutubeDataManager.swift */ = {isa = PBXFileReference; fileEncoding = 4; lastKnownFileType = sourcecode.swift; path = YoutubeDataManager.swift; sourceTree = "<group>"; };
		8A9E0FE61FDE801F0065108D /* Box.swift */ = {isa = PBXFileReference; fileEncoding = 4; lastKnownFileType = sourcecode.swift; path = Box.swift; sourceTree = "<group>"; };
		8A9E0FE81FDEAB500065108D /* YoutubeSettingsMenuView.swift */ = {isa = PBXFileReference; fileEncoding = 4; lastKnownFileType = sourcecode.swift; path = YoutubeSettingsMenuView.swift; sourceTree = "<group>"; };
		8A9E0FEA1FDEAD720065108D /* YoutubeSettingsMenuViewModel.swift */ = {isa = PBXFileReference; fileEncoding = 4; lastKnownFileType = sourcecode.swift; path = YoutubeSettingsMenuViewModel.swift; sourceTree = "<group>"; };
		8A9E0FEC1FDEAE320065108D /* YoutubeMenuBarView.swift */ = {isa = PBXFileReference; fileEncoding = 4; lastKnownFileType = sourcecode.swift; path = YoutubeMenuBarView.swift; sourceTree = "<group>"; };
		8A9E0FEE1FDEAEBA0065108D /* YoutubeMenuBar.swift */ = {isa = PBXFileReference; fileEncoding = 4; lastKnownFileType = sourcecode.swift; path = YoutubeMenuBar.swift; sourceTree = "<group>"; };
		8A9E0FF01FDEB0A70065108D /* YoutubeSettingsMenu.swift */ = {isa = PBXFileReference; fileEncoding = 4; lastKnownFileType = sourcecode.swift; path = YoutubeSettingsMenu.swift; sourceTree = "<group>"; };
		8A9E0FF41FDEB5EF0065108D /* YoutubeSettingsMenuCollectionViewCell.swift */ = {isa = PBXFileReference; fileEncoding = 4; lastKnownFileType = sourcecode.swift; path = YoutubeSettingsMenuCollectionViewCell.swift; sourceTree = "<group>"; };
		8ABD0F6A1FEA528700C8D254 /* YoutubeDetailVideoViewController.swift */ = {isa = PBXFileReference; fileEncoding = 4; lastKnownFileType = sourcecode.swift; path = YoutubeDetailVideoViewController.swift; sourceTree = "<group>"; };
		8ABD0F6C1FEA84C500C8D254 /* YoutubeDetailVideoViewModel.swift */ = {isa = PBXFileReference; fileEncoding = 4; lastKnownFileType = sourcecode.swift; path = YoutubeDetailVideoViewModel.swift; sourceTree = "<group>"; };
		8AEC3D101FEAB73800B4FFA9 /* ProgressHudView.swift */ = {isa = PBXFileReference; fileEncoding = 4; lastKnownFileType = sourcecode.swift; path = ProgressHudView.swift; sourceTree = "<group>"; };
/* End PBXFileReference section */

/* Begin PBXFrameworksBuildPhase section */
		8A7B03051FD6A76E0028BB9B /* Frameworks */ = {
			isa = PBXFrameworksBuildPhase;
			buildActionMask = 2147483647;
			files = (
				A99C80DC384595F6665190E0 /* Pods_YoutubeApplication.framework in Frameworks */,
			);
			runOnlyForDeploymentPostprocessing = 0;
		};
/* End PBXFrameworksBuildPhase section */

/* Begin PBXGroup section */
		008287EAF05C0B6A5159CA83 /* Frameworks */ = {
			isa = PBXGroup;
			children = (
				46B9F88867E3F501E11D73EA /* Pods_YoutubeApplication.framework */,
			);
			name = Frameworks;
			sourceTree = "<group>";
		};
		15D310BB22D94C3B9EDB438B /* Pods */ = {
			isa = PBXGroup;
			children = (
				5C1120AABFD1715058793DF6 /* Pods-YoutubeApplication.debug.xcconfig */,
				181FD587350F5FC5526A520C /* Pods-YoutubeApplication.release.xcconfig */,
			);
			name = Pods;
			sourceTree = "<group>";
		};
		7F39C766202E09AF00F0073A /* Coordinator */ = {
			isa = PBXGroup;
			children = (
				7F39C769202E0B8B00F0073A /* AppCoordinator.swift */,
				7F3B30652164EE2400CB6183 /* Timeline */,
				7F8FC57721B7DB2600599D49 /* Animators */,
			);
			name = Coordinator;
			sourceTree = "<group>";
		};
		7F3B30652164EE2400CB6183 /* Timeline */ = {
			isa = PBXGroup;
			children = (
				7F39C76B202E0BF700F0073A /* TimelineCoordinator.swift */,
			);
			name = Timeline;
			sourceTree = "<group>";
		};
		7F5F11BD1FFF7FDD000D1F14 /* YoutubeAPIManager */ = {
			isa = PBXGroup;
			children = (
				8A9E0FE41FDAB1870065108D /* YoutubeDataManager.swift */,
			);
			name = YoutubeAPIManager;
			sourceTree = "<group>";
		};
		7F5F11C31FFF8115000D1F14 /* CoreDataModel */ = {
			isa = PBXGroup;
			children = (
				7F5F11C91FFF89FC000D1F14 /* YoutubeVideoModel.swift */,
				7F5F11C71FFF89D7000D1F14 /* YoutubeVideoChannelModel.swift */,
				7F5F11C41FFF8136000D1F14 /* YoutubeModel.xcdatamodeld */,
			);
			name = CoreDataModel;
			sourceTree = "<group>";
		};
		7F5F11CC1FFFC1E7000D1F14 /* YoutubeModel */ = {
			isa = PBXGroup;
			children = (
				8A9E0FDF1FD97A150065108D /* YoutubeVideo.swift */,
				8A9E0FEE1FDEAEBA0065108D /* YoutubeMenuBar.swift */,
				8A9E0FF01FDEB0A70065108D /* YoutubeSettingsMenu.swift */,
			);
			name = YoutubeModel;
			sourceTree = "<group>";
		};
		7F7783F521D123180019690B /* ListToDetail */ = {
			isa = PBXGroup;
			children = (
				7FCB4D192018EF9A007EF281 /* ListToDetailAnimator.swift */,
				7F7783F321D123120019690B /* ListToDetailAnimatedTransition.swift */,
				7F7783F121D122A70019690B /* ListToDetailTransitionDelegate.swift */,
			);
			name = ListToDetail;
			sourceTree = "<group>";
		};
		7F8895B42017633C0039097A /* RefreshControl */ = {
			isa = PBXGroup;
			children = (
				7F8895B5201763690039097A /* YoutubeRefreshControl.swift */,
			);
			name = RefreshControl;
			sourceTree = "<group>";
		};
		7F8FC57721B7DB2600599D49 /* Animators */ = {
			isa = PBXGroup;
			children = (
				7F7783F521D123180019690B /* ListToDetail */,
			);
			name = Animators;
			sourceTree = "<group>";
		};
		7F8FC57821B7DB8700599D49 /* FlowLayout */ = {
			isa = PBXGroup;
			children = (
				7F3DC95C1FFD30FB00116B94 /* YoutubeCollectionViewFlowLayout.swift */,
			);
			name = FlowLayout;
			sourceTree = "<group>";
		};
		7F8FC57921B7DC7600599D49 /* Timeline */ = {
			isa = PBXGroup;
			children = (
				8A7B032B1FD6B01D0028BB9B /* Cell */,
				8A8906AE1FD81ABB00D303E6 /* Custom Views */,
				7F8895B42017633C0039097A /* RefreshControl */,
				7F8FC57821B7DB8700599D49 /* FlowLayout */,
			);
			name = Timeline;
			sourceTree = "<group>";
		};
		7F8FC57A21B7DE4F00599D49 /* Protocols */ = {
			isa = PBXGroup;
			children = (
				7F8FC58921B7DEA400599D49 /* MoyaHandler */,
				7F8FC58421B7DE9800599D49 /* CellModelPresentable */,
				7F8FC58121B7DE8300599D49 /* ViewModelCellPresentable */,
				7F8FC57E21B7DE7000599D49 /* SectionRowsRepresentable */,
				7F8FC57B21B7DE6100599D49 /* CellIdentifiable */,
			);
			name = Protocols;
			sourceTree = "<group>";
		};
		7F8FC57B21B7DE6100599D49 /* CellIdentifiable */ = {
			isa = PBXGroup;
			children = (
				7F8FC57C21B7DE6900599D49 /* CellIdentifiable.swift */,
			);
			name = CellIdentifiable;
			sourceTree = "<group>";
		};
		7F8FC57E21B7DE7000599D49 /* SectionRowsRepresentable */ = {
			isa = PBXGroup;
			children = (
				7F8FC57F21B7DE7900599D49 /* SectionRowsRepresentable.swift */,
			);
			name = SectionRowsRepresentable;
			sourceTree = "<group>";
		};
		7F8FC58121B7DE8300599D49 /* ViewModelCellPresentable */ = {
			isa = PBXGroup;
			children = (
				7F8FC58221B7DE8E00599D49 /* ViewModelCellPresentable.swift */,
			);
			name = ViewModelCellPresentable;
			sourceTree = "<group>";
		};
		7F8FC58421B7DE9800599D49 /* CellModelPresentable */ = {
			isa = PBXGroup;
			children = (
				7F8FC58521B7DEA100599D49 /* CellModelRepresentable.swift */,
				7F8FC58621B7DEA100599D49 /* IdentifiableTableViewCell.swift */,
			);
			name = CellModelPresentable;
			sourceTree = "<group>";
		};
		7F8FC58921B7DEA400599D49 /* MoyaHandler */ = {
			isa = PBXGroup;
			children = (
				7F8FC58A21B7DEC300599D49 /* Handler.swift */,
			);
			name = MoyaHandler;
			sourceTree = "<group>";
		};
		7F8FC59421B7DF5B00599D49 /* Core */ = {
			isa = PBXGroup;
			children = (
				8A7B030B1FD6A76F0028BB9B /* AppDelegate.swift */,
				7F8FC5A921B8155C00599D49 /* ApplicationStorage.swift */,
			);
			name = Core;
			sourceTree = "<group>";
		};
		7F8FC59521B7E05700599D49 /* Services */ = {
			isa = PBXGroup;
			children = (
				7F8FC59621B7E06200599D49 /* API */,
			);
			name = Services;
			sourceTree = "<group>";
		};
		7F8FC59621B7E06200599D49 /* API */ = {
			isa = PBXGroup;
			children = (
				7F8FC5A421B7E62700599D49 /* Manager */,
				7F8FC5A321B7E61F00599D49 /* Endpoint */,
				8A9E0FE31FDAB1580065108D /* YoutubeTestDataManager */,
			);
			name = API;
			sourceTree = "<group>";
		};
		7F8FC59721B7E06900599D49 /* CoreData */ = {
			isa = PBXGroup;
			children = (
				7F5F11BF1FFF8016000D1F14 /* CoreDataManager.swift */,
			);
			name = CoreData;
			sourceTree = "<group>";
		};
		7F8FC5A321B7E61F00599D49 /* Endpoint */ = {
			isa = PBXGroup;
			children = (
				7F8FC5A721B7E9F200599D49 /* TimelineHomeVideoServices.swift */,
				7F14D46321B938A4008592FE /* TimelineAccountVideoServices.swift */,
				7F14D46521B93988008592FE /* TimelineSubscriptionVideoServices.swift */,
				7F14D46721B93B2C008592FE /* TimelineTrendingVideoServices.swift */,
			);
			name = Endpoint;
			sourceTree = "<group>";
		};
		7F8FC5A421B7E62700599D49 /* Manager */ = {
			isa = PBXGroup;
			children = (
				7F8FC59921B7E08600599D49 /* APIProvider.swift */,
				7F8FC59A21B7E08600599D49 /* APIError.swift */,
				7F8FC59821B7E08600599D49 /* APITargetType.swift */,
				7F8FC5A521B7E6C600599D49 /* APITimeline.swift */,
			);
			name = Manager;
			sourceTree = "<group>";
		};
		7F94CD8221B945C800F53DB3 /* Box */ = {
			isa = PBXGroup;
			children = (
				8A9E0FE61FDE801F0065108D /* Box.swift */,
			);
			name = Box;
			sourceTree = "<group>";
		};
		7F94CD8321B945F000F53DB3 /* View */ = {
			isa = PBXGroup;
			children = (
				8A7B03251FD6A93D0028BB9B /* YoutubeTimelineViewController.swift */,
				8ABD0F6A1FEA528700C8D254 /* YoutubeDetailVideoViewController.swift */,
			);
			name = View;
			sourceTree = "<group>";
		};
		7F94CD8421B945FE00F53DB3 /* ViewModel */ = {
			isa = PBXGroup;
			children = (
				7F2D2E2A202DD2E000DC8741 /* YoutubeMainTimelineViewModel.swift */,
				8ABD0F6C1FEA84C500C8D254 /* YoutubeDetailVideoViewModel.swift */,
				8A9E0FEA1FDEAD720065108D /* YoutubeSettingsMenuViewModel.swift */,
				8A9E0FDD1FD96D8C0065108D /* YoutubeMenuBarViewModel.swift */,
			);
			name = ViewModel;
			sourceTree = "<group>";
		};
		7F94CD8721B9464E00F53DB3 /* Section&Cell */ = {
			isa = PBXGroup;
			children = (
				7F94CD8821B9465800F53DB3 /* Timeline */,
			);
			name = "Section&Cell";
			sourceTree = "<group>";
		};
		7F94CD8821B9465800F53DB3 /* Timeline */ = {
			isa = PBXGroup;
			children = (
				7F94CD8A21B9466400F53DB3 /* CellModel */,
				7F94CD8921B9465E00F53DB3 /* SectionModel */,
			);
			name = Timeline;
			sourceTree = "<group>";
		};
		7F94CD8921B9465E00F53DB3 /* SectionModel */ = {
			isa = PBXGroup;
			children = (
				7F94CD8E21B9468E00F53DB3 /* YoutubeTimelineVideoSectionModel.swift */,
			);
			name = SectionModel;
			sourceTree = "<group>";
		};
		7F94CD8A21B9466400F53DB3 /* CellModel */ = {
			isa = PBXGroup;
			children = (
				7F94CD9221B94F4000F53DB3 /* YoutubeTimelineVideoCellModel.swift */,
				7F94CD8C21B9467C00F53DB3 /* YotubeTimelineContainerCellModel.swift */,
			);
			name = CellModel;
			sourceTree = "<group>";
		};
		7F94CD9021B948C200F53DB3 /* Video */ = {
			isa = PBXGroup;
			children = (
				8A4915BF1FE3C62700A187CD /* YoutubeTimelineContainerCollectionViewCell.swift */,
				8A7B032D1FD6B0510028BB9B /* YoutubeTimelineVideoCollectionViewCell.swift */,
			);
			name = Video;
			sourceTree = "<group>";
		};
		7F94CD9121B948DB00F53DB3 /* Menu */ = {
			isa = PBXGroup;
			children = (
				8A8906B31FD86DD600D303E6 /* YoutubeMenuBarCollectionViewCell.swift */,
				8A9E0FF41FDEB5EF0065108D /* YoutubeSettingsMenuCollectionViewCell.swift */,
			);
			name = Menu;
			sourceTree = "<group>";
		};
		7FCB4D172018EF2B007EF281 /* Timeline */ = {
			isa = PBXGroup;
			children = (
				7F94CD8421B945FE00F53DB3 /* ViewModel */,
				7F94CD8321B945F000F53DB3 /* View */,
			);
			name = Timeline;
			sourceTree = "<group>";
		};
		8A7B02FF1FD6A76E0028BB9B = {
			isa = PBXGroup;
			children = (
				8A7B030A1FD6A76F0028BB9B /* YoutubeApplication */,
				8A7B03091FD6A76E0028BB9B /* Products */,
				15D310BB22D94C3B9EDB438B /* Pods */,
				008287EAF05C0B6A5159CA83 /* Frameworks */,
			);
			sourceTree = "<group>";
		};
		8A7B03091FD6A76E0028BB9B /* Products */ = {
			isa = PBXGroup;
			children = (
				8A7B03081FD6A76E0028BB9B /* YoutubeApplication.app */,
			);
			name = Products;
			sourceTree = "<group>";
		};
		8A7B030A1FD6A76F0028BB9B /* YoutubeApplication */ = {
			isa = PBXGroup;
			children = (
				7F8FC59421B7DF5B00599D49 /* Core */,
				7F39C766202E09AF00F0073A /* Coordinator */,
				7F8FC59521B7E05700599D49 /* Services */,
				8A7B03221FD6A82C0028BB9B /* Controller */,
				8A7B03201FD6A81E0028BB9B /* Model */,
				8A7B031E1FD6A7A60028BB9B /* View */,
				7F8FC57A21B7DE4F00599D49 /* Protocols */,
				8A7B032F1FD6D30E0028BB9B /* Extensions */,
				8A7B031F1FD6A7B50028BB9B /* Supporting Files */,
			);
			path = YoutubeApplication;
			sourceTree = "<group>";
		};
		8A7B031D1FD6A7970028BB9B /* Storyboards */ = {
			isa = PBXGroup;
			children = (
				8A7B030F1FD6A76F0028BB9B /* Main.storyboard */,
				8A7B03141FD6A76F0028BB9B /* LaunchScreen.storyboard */,
			);
			name = Storyboards;
			sourceTree = "<group>";
		};
		8A7B031E1FD6A7A60028BB9B /* View */ = {
			isa = PBXGroup;
			children = (
				7F8FC57921B7DC7600599D49 /* Timeline */,
			);
			name = View;
			sourceTree = "<group>";
		};
		8A7B031F1FD6A7B50028BB9B /* Supporting Files */ = {
			isa = PBXGroup;
			children = (
				8A7B031D1FD6A7970028BB9B /* Storyboards */,
				8A7B03121FD6A76F0028BB9B /* Assets.xcassets */,
				8A7B03171FD6A76F0028BB9B /* Info.plist */,
			);
			name = "Supporting Files";
			sourceTree = "<group>";
		};
		8A7B03201FD6A81E0028BB9B /* Model */ = {
			isa = PBXGroup;
			children = (
				7F94CD8721B9464E00F53DB3 /* Section&Cell */,
				7F94CD8221B945C800F53DB3 /* Box */,
				7F5F11C31FFF8115000D1F14 /* CoreDataModel */,
				7F5F11CC1FFFC1E7000D1F14 /* YoutubeModel */,
			);
			name = Model;
			sourceTree = "<group>";
		};
		8A7B03221FD6A82C0028BB9B /* Controller */ = {
			isa = PBXGroup;
			children = (
				7FCB4D172018EF2B007EF281 /* Timeline */,
			);
			name = Controller;
			sourceTree = "<group>";
		};
		8A7B032B1FD6B01D0028BB9B /* Cell */ = {
			isa = PBXGroup;
			children = (
				7F94CD9021B948C200F53DB3 /* Video */,
				7F94CD9121B948DB00F53DB3 /* Menu */,
			);
			name = Cell;
			sourceTree = "<group>";
		};
		8A7B032F1FD6D30E0028BB9B /* Extensions */ = {
			isa = PBXGroup;
			children = (
				7F8FC59E21B7E0A400599D49 /* DispatchQueue.swift */,
				8A7B03301FD6D3250028BB9B /* YoutubeExtensions.swift */,
				8A9E0FE11FD984030065108D /* YoutubeHelpedMethods.swift */,
				7F8FC58C21B7DEF200599D49 /* DecodingContainer.swift */,
				7F8FC58E21B7DEF700599D49 /* Reusable.swift */,
				7F8FC59021B7DF0100599D49 /* ViewController.swift */,
				7F14D46121B92577008592FE /* Notification.swift */,
				7F8FC5A021B7E0EB00599D49 /* String.swift */,
				7F8FC59221B7DF1200599D49 /* Cell.swift */,
			);
			name = Extensions;
			sourceTree = "<group>";
		};
		8A8906AE1FD81ABB00D303E6 /* Custom Views */ = {
			isa = PBXGroup;
			children = (
				8A8906AF1FD81B0D00D303E6 /* YoutubeNavigationBarTitleView.swift */,
				8A9E0FEC1FDEAE320065108D /* YoutubeMenuBarView.swift */,
				8A9E0FE81FDEAB500065108D /* YoutubeSettingsMenuView.swift */,
				8A1202BB1FE912C500A27C09 /* YoutubeVideoPlayerView.swift */,
				8AEC3D101FEAB73800B4FFA9 /* ProgressHudView.swift */,
			);
			name = "Custom Views";
			sourceTree = "<group>";
		};
		8A9E0FE31FDAB1580065108D /* YoutubeTestDataManager */ = {
			isa = PBXGroup;
			children = (
				7F8FC59721B7E06900599D49 /* CoreData */,
				7F5F11BD1FFF7FDD000D1F14 /* YoutubeAPIManager */,
			);
			name = YoutubeTestDataManager;
			sourceTree = "<group>";
		};
/* End PBXGroup section */

/* Begin PBXNativeTarget section */
		8A7B03071FD6A76E0028BB9B /* YoutubeApplication */ = {
			isa = PBXNativeTarget;
			buildConfigurationList = 8A7B031A1FD6A76F0028BB9B /* Build configuration list for PBXNativeTarget "YoutubeApplication" */;
			buildPhases = (
				93B91D2F1F5494D894BC5029 /* [CP] Check Pods Manifest.lock */,
				8A7B03041FD6A76E0028BB9B /* Sources */,
				8A7B03051FD6A76E0028BB9B /* Frameworks */,
				8A7B03061FD6A76E0028BB9B /* Resources */,
				EA152A0D9464F7D79E69F8BB /* [CP] Embed Pods Frameworks */,
			);
			buildRules = (
			);
			dependencies = (
			);
			name = YoutubeApplication;
			productName = YoutubeApplication;
			productReference = 8A7B03081FD6A76E0028BB9B /* YoutubeApplication.app */;
			productType = "com.apple.product-type.application";
		};
/* End PBXNativeTarget section */

/* Begin PBXProject section */
		8A7B03001FD6A76E0028BB9B /* Project object */ = {
			isa = PBXProject;
			attributes = {
				LastSwiftUpdateCheck = 0810;
				LastUpgradeCheck = 1000;
				ORGANIZATIONNAME = VladymyrShorokhov;
				TargetAttributes = {
					8A7B03071FD6A76E0028BB9B = {
						CreatedOnToolsVersion = 8.1;
						DevelopmentTeam = ZS4WE4E828;
						LastSwiftMigration = 1000;
						ProvisioningStyle = Automatic;
					};
				};
			};
			buildConfigurationList = 8A7B03031FD6A76E0028BB9B /* Build configuration list for PBXProject "YoutubeApplication" */;
			compatibilityVersion = "Xcode 3.2";
			developmentRegion = English;
			hasScannedForEncodings = 0;
			knownRegions = (
				en,
				Base,
			);
			mainGroup = 8A7B02FF1FD6A76E0028BB9B;
			productRefGroup = 8A7B03091FD6A76E0028BB9B /* Products */;
			projectDirPath = "";
			projectRoot = "";
			targets = (
				8A7B03071FD6A76E0028BB9B /* YoutubeApplication */,
			);
		};
/* End PBXProject section */

/* Begin PBXResourcesBuildPhase section */
		8A7B03061FD6A76E0028BB9B /* Resources */ = {
			isa = PBXResourcesBuildPhase;
			buildActionMask = 2147483647;
			files = (
				8A7B03161FD6A76F0028BB9B /* LaunchScreen.storyboard in Resources */,
				8A7B03131FD6A76F0028BB9B /* Assets.xcassets in Resources */,
				8A7B03111FD6A76F0028BB9B /* Main.storyboard in Resources */,
			);
			runOnlyForDeploymentPostprocessing = 0;
		};
/* End PBXResourcesBuildPhase section */

/* Begin PBXShellScriptBuildPhase section */
		93B91D2F1F5494D894BC5029 /* [CP] Check Pods Manifest.lock */ = {
			isa = PBXShellScriptBuildPhase;
			buildActionMask = 2147483647;
			files = (
			);
			inputPaths = (
				"${PODS_PODFILE_DIR_PATH}/Podfile.lock",
				"${PODS_ROOT}/Manifest.lock",
			);
			name = "[CP] Check Pods Manifest.lock";
			outputPaths = (
				"$(DERIVED_FILE_DIR)/Pods-YoutubeApplication-checkManifestLockResult.txt",
			);
			runOnlyForDeploymentPostprocessing = 0;
			shellPath = /bin/sh;
			shellScript = "diff \"${PODS_PODFILE_DIR_PATH}/Podfile.lock\" \"${PODS_ROOT}/Manifest.lock\" > /dev/null\nif [ $? != 0 ] ; then\n    # print error to STDERR\n    echo \"error: The sandbox is not in sync with the Podfile.lock. Run 'pod install' or update your CocoaPods installation.\" >&2\n    exit 1\nfi\n# This output is used by Xcode 'outputs' to avoid re-running this script phase.\necho \"SUCCESS\" > \"${SCRIPT_OUTPUT_FILE_0}\"\n";
			showEnvVarsInLog = 0;
		};
		EA152A0D9464F7D79E69F8BB /* [CP] Embed Pods Frameworks */ = {
			isa = PBXShellScriptBuildPhase;
			buildActionMask = 2147483647;
			files = (
			);
			inputPaths = (
				"${SRCROOT}/Pods/Target Support Files/Pods-YoutubeApplication/Pods-YoutubeApplication-frameworks.sh",
				"${BUILT_PRODUCTS_DIR}/Alamofire/Alamofire.framework",
				"${BUILT_PRODUCTS_DIR}/Cache/Cache.framework",
				"${BUILT_PRODUCTS_DIR}/Moya/Moya.framework",
				"${BUILT_PRODUCTS_DIR}/Result/Result.framework",
				"${BUILT_PRODUCTS_DIR}/SDWebImage/SDWebImage.framework",
			);
			name = "[CP] Embed Pods Frameworks";
			outputPaths = (
				"${TARGET_BUILD_DIR}/${FRAMEWORKS_FOLDER_PATH}/Alamofire.framework",
				"${TARGET_BUILD_DIR}/${FRAMEWORKS_FOLDER_PATH}/Cache.framework",
				"${TARGET_BUILD_DIR}/${FRAMEWORKS_FOLDER_PATH}/Moya.framework",
				"${TARGET_BUILD_DIR}/${FRAMEWORKS_FOLDER_PATH}/Result.framework",
				"${TARGET_BUILD_DIR}/${FRAMEWORKS_FOLDER_PATH}/SDWebImage.framework",
			);
			runOnlyForDeploymentPostprocessing = 0;
			shellPath = /bin/sh;
			shellScript = "\"${SRCROOT}/Pods/Target Support Files/Pods-YoutubeApplication/Pods-YoutubeApplication-frameworks.sh\"\n";
			showEnvVarsInLog = 0;
		};
/* End PBXShellScriptBuildPhase section */

/* Begin PBXSourcesBuildPhase section */
		8A7B03041FD6A76E0028BB9B /* Sources */ = {
			isa = PBXSourcesBuildPhase;
			buildActionMask = 2147483647;
			files = (
				8A9E0FDE1FD96D8C0065108D /* YoutubeMenuBarViewModel.swift in Sources */,
				8A7B030C1FD6A76F0028BB9B /* AppDelegate.swift in Sources */,
				7F94CD8F21B9468E00F53DB3 /* YoutubeTimelineVideoSectionModel.swift in Sources */,
				7F5F11C81FFF89D7000D1F14 /* YoutubeVideoChannelModel.swift in Sources */,
				7F8FC58821B7DEA100599D49 /* IdentifiableTableViewCell.swift in Sources */,
				8A8906B01FD81B0D00D303E6 /* YoutubeNavigationBarTitleView.swift in Sources */,
				7F94CD8D21B9467C00F53DB3 /* YotubeTimelineContainerCellModel.swift in Sources */,
				8AEC3D111FEAB73800B4FFA9 /* ProgressHudView.swift in Sources */,
				7F5F11CA1FFF89FC000D1F14 /* YoutubeVideoModel.swift in Sources */,
				8A9E0FE01FD97A150065108D /* YoutubeVideo.swift in Sources */,
				7F8FC57D21B7DE6900599D49 /* CellIdentifiable.swift in Sources */,
				7F8FC58321B7DE8E00599D49 /* ViewModelCellPresentable.swift in Sources */,
				7F8FC5A621B7E6C600599D49 /* APITimeline.swift in Sources */,
				7F8FC58021B7DE7900599D49 /* SectionRowsRepresentable.swift in Sources */,
				8A9E0FF11FDEB0A70065108D /* YoutubeSettingsMenu.swift in Sources */,
				7F8FC5A121B7E0EC00599D49 /* String.swift in Sources */,
				7F8FC59321B7DF1200599D49 /* Cell.swift in Sources */,
				7F8FC58D21B7DEF200599D49 /* DecodingContainer.swift in Sources */,
				7F8FC59C21B7E08600599D49 /* APIProvider.swift in Sources */,
				8A7B032E1FD6B0510028BB9B /* YoutubeTimelineVideoCollectionViewCell.swift in Sources */,
				8A9E0FED1FDEAE320065108D /* YoutubeMenuBarView.swift in Sources */,
				7F39C76A202E0B8B00F0073A /* AppCoordinator.swift in Sources */,
				7F8FC5AA21B8155C00599D49 /* ApplicationStorage.swift in Sources */,
				7F7783F221D122A70019690B /* ListToDetailTransitionDelegate.swift in Sources */,
				8A9E0FF51FDEB5EF0065108D /* YoutubeSettingsMenuCollectionViewCell.swift in Sources */,
				8A9E0FEF1FDEAEBA0065108D /* YoutubeMenuBar.swift in Sources */,
				7FCB4D1A2018EF9A007EF281 /* ListToDetailAnimator.swift in Sources */,
				7F8FC59D21B7E08600599D49 /* APIError.swift in Sources */,
				8A9E0FE51FDAB1870065108D /* YoutubeDataManager.swift in Sources */,
				7F5F11C61FFF8136000D1F14 /* YoutubeModel.xcdatamodeld in Sources */,
				7F8FC59F21B7E0A400599D49 /* DispatchQueue.swift in Sources */,
				8A4915C01FE3C62700A187CD /* YoutubeTimelineContainerCollectionViewCell.swift in Sources */,
				7F14D46821B93B2C008592FE /* TimelineTrendingVideoServices.swift in Sources */,
				7F14D46621B93988008592FE /* TimelineSubscriptionVideoServices.swift in Sources */,
				8A9E0FE71FDE801F0065108D /* Box.swift in Sources */,
				7F7783F421D123120019690B /* ListToDetailAnimatedTransition.swift in Sources */,
				8A1202BC1FE912C500A27C09 /* YoutubeVideoPlayerView.swift in Sources */,
				7F8FC58721B7DEA100599D49 /* CellModelRepresentable.swift in Sources */,
				8A7B03311FD6D3250028BB9B /* YoutubeExtensions.swift in Sources */,
				8ABD0F6D1FEA84C500C8D254 /* YoutubeDetailVideoViewModel.swift in Sources */,
				7F8FC59121B7DF0100599D49 /* ViewController.swift in Sources */,
				8A9E0FEB1FDEAD720065108D /* YoutubeSettingsMenuViewModel.swift in Sources */,
				7F94CD9321B94F4000F53DB3 /* YoutubeTimelineVideoCellModel.swift in Sources */,
				7F8FC59B21B7E08600599D49 /* APITargetType.swift in Sources */,
				8A7B03261FD6A93D0028BB9B /* YoutubeTimelineViewController.swift in Sources */,
				7F8FC5A821B7E9F200599D49 /* TimelineHomeVideoServices.swift in Sources */,
				7F2D2E2B202DD2E000DC8741 /* YoutubeMainTimelineViewModel.swift in Sources */,
				8A9E0FE21FD984030065108D /* YoutubeHelpedMethods.swift in Sources */,
				7F8895B6201763690039097A /* YoutubeRefreshControl.swift in Sources */,
				8A9E0FE91FDEAB510065108D /* YoutubeSettingsMenuView.swift in Sources */,
				7F5F11C01FFF8016000D1F14 /* CoreDataManager.swift in Sources */,
				7F8FC58F21B7DEF700599D49 /* Reusable.swift in Sources */,
				8A8906B41FD86DD600D303E6 /* YoutubeMenuBarCollectionViewCell.swift in Sources */,
				7F3DC95D1FFD30FB00116B94 /* YoutubeCollectionViewFlowLayout.swift in Sources */,
				7F14D46221B92577008592FE /* Notification.swift in Sources */,
				7F8FC58B21B7DEC300599D49 /* Handler.swift in Sources */,
				8ABD0F6B1FEA528700C8D254 /* YoutubeDetailVideoViewController.swift in Sources */,
				7F39C76C202E0BF700F0073A /* TimelineCoordinator.swift in Sources */,
				7F14D46421B938A4008592FE /* TimelineAccountVideoServices.swift in Sources */,
			);
			runOnlyForDeploymentPostprocessing = 0;
		};
/* End PBXSourcesBuildPhase section */

/* Begin PBXVariantGroup section */
		8A7B030F1FD6A76F0028BB9B /* Main.storyboard */ = {
			isa = PBXVariantGroup;
			children = (
				8A7B03101FD6A76F0028BB9B /* Base */,
			);
			name = Main.storyboard;
			sourceTree = "<group>";
		};
		8A7B03141FD6A76F0028BB9B /* LaunchScreen.storyboard */ = {
			isa = PBXVariantGroup;
			children = (
				8A7B03151FD6A76F0028BB9B /* Base */,
			);
			name = LaunchScreen.storyboard;
			sourceTree = "<group>";
		};
/* End PBXVariantGroup section */

/* Begin XCBuildConfiguration section */
		8A7B03181FD6A76F0028BB9B /* Debug */ = {
			isa = XCBuildConfiguration;
			buildSettings = {
				ALWAYS_SEARCH_USER_PATHS = NO;
				CLANG_ANALYZER_NONNULL = YES;
				CLANG_CXX_LANGUAGE_STANDARD = "gnu++0x";
				CLANG_CXX_LIBRARY = "libc++";
				CLANG_ENABLE_MODULES = YES;
				CLANG_ENABLE_OBJC_ARC = YES;
				CLANG_WARN_BLOCK_CAPTURE_AUTORELEASING = YES;
				CLANG_WARN_BOOL_CONVERSION = YES;
				CLANG_WARN_COMMA = YES;
				CLANG_WARN_CONSTANT_CONVERSION = YES;
				CLANG_WARN_DEPRECATED_OBJC_IMPLEMENTATIONS = YES;
				CLANG_WARN_DIRECT_OBJC_ISA_USAGE = YES_ERROR;
				CLANG_WARN_DOCUMENTATION_COMMENTS = YES;
				CLANG_WARN_EMPTY_BODY = YES;
				CLANG_WARN_ENUM_CONVERSION = YES;
				CLANG_WARN_INFINITE_RECURSION = YES;
				CLANG_WARN_INT_CONVERSION = YES;
				CLANG_WARN_NON_LITERAL_NULL_CONVERSION = YES;
				CLANG_WARN_OBJC_IMPLICIT_RETAIN_SELF = YES;
				CLANG_WARN_OBJC_LITERAL_CONVERSION = YES;
				CLANG_WARN_OBJC_ROOT_CLASS = YES_ERROR;
				CLANG_WARN_RANGE_LOOP_ANALYSIS = YES;
				CLANG_WARN_STRICT_PROTOTYPES = YES;
				CLANG_WARN_SUSPICIOUS_MOVE = YES;
				CLANG_WARN_SUSPICIOUS_MOVES = YES;
				CLANG_WARN_UNREACHABLE_CODE = YES;
				CLANG_WARN__DUPLICATE_METHOD_MATCH = YES;
				"CODE_SIGN_IDENTITY[sdk=iphoneos*]" = "iPhone Developer";
				COPY_PHASE_STRIP = NO;
				DEBUG_INFORMATION_FORMAT = dwarf;
				ENABLE_STRICT_OBJC_MSGSEND = YES;
				ENABLE_TESTABILITY = YES;
				GCC_C_LANGUAGE_STANDARD = gnu99;
				GCC_DYNAMIC_NO_PIC = NO;
				GCC_NO_COMMON_BLOCKS = YES;
				GCC_OPTIMIZATION_LEVEL = 0;
				GCC_PREPROCESSOR_DEFINITIONS = (
					"DEBUG=1",
					"$(inherited)",
				);
				GCC_WARN_64_TO_32_BIT_CONVERSION = YES;
				GCC_WARN_ABOUT_RETURN_TYPE = YES_ERROR;
				GCC_WARN_UNDECLARED_SELECTOR = YES;
				GCC_WARN_UNINITIALIZED_AUTOS = YES_AGGRESSIVE;
				GCC_WARN_UNUSED_FUNCTION = YES;
				GCC_WARN_UNUSED_VARIABLE = YES;
				IPHONEOS_DEPLOYMENT_TARGET = 10.1;
				MTL_ENABLE_DEBUG_INFO = YES;
				ONLY_ACTIVE_ARCH = YES;
				SDKROOT = iphoneos;
				SWIFT_ACTIVE_COMPILATION_CONDITIONS = DEBUG;
				SWIFT_OPTIMIZATION_LEVEL = "-Onone";
			};
			name = Debug;
		};
		8A7B03191FD6A76F0028BB9B /* Release */ = {
			isa = XCBuildConfiguration;
			buildSettings = {
				ALWAYS_SEARCH_USER_PATHS = NO;
				CLANG_ANALYZER_NONNULL = YES;
				CLANG_CXX_LANGUAGE_STANDARD = "gnu++0x";
				CLANG_CXX_LIBRARY = "libc++";
				CLANG_ENABLE_MODULES = YES;
				CLANG_ENABLE_OBJC_ARC = YES;
				CLANG_WARN_BLOCK_CAPTURE_AUTORELEASING = YES;
				CLANG_WARN_BOOL_CONVERSION = YES;
				CLANG_WARN_COMMA = YES;
				CLANG_WARN_CONSTANT_CONVERSION = YES;
				CLANG_WARN_DEPRECATED_OBJC_IMPLEMENTATIONS = YES;
				CLANG_WARN_DIRECT_OBJC_ISA_USAGE = YES_ERROR;
				CLANG_WARN_DOCUMENTATION_COMMENTS = YES;
				CLANG_WARN_EMPTY_BODY = YES;
				CLANG_WARN_ENUM_CONVERSION = YES;
				CLANG_WARN_INFINITE_RECURSION = YES;
				CLANG_WARN_INT_CONVERSION = YES;
				CLANG_WARN_NON_LITERAL_NULL_CONVERSION = YES;
				CLANG_WARN_OBJC_IMPLICIT_RETAIN_SELF = YES;
				CLANG_WARN_OBJC_LITERAL_CONVERSION = YES;
				CLANG_WARN_OBJC_ROOT_CLASS = YES_ERROR;
				CLANG_WARN_RANGE_LOOP_ANALYSIS = YES;
				CLANG_WARN_STRICT_PROTOTYPES = YES;
				CLANG_WARN_SUSPICIOUS_MOVE = YES;
				CLANG_WARN_SUSPICIOUS_MOVES = YES;
				CLANG_WARN_UNREACHABLE_CODE = YES;
				CLANG_WARN__DUPLICATE_METHOD_MATCH = YES;
				"CODE_SIGN_IDENTITY[sdk=iphoneos*]" = "iPhone Developer";
				COPY_PHASE_STRIP = NO;
				DEBUG_INFORMATION_FORMAT = "dwarf-with-dsym";
				ENABLE_NS_ASSERTIONS = NO;
				ENABLE_STRICT_OBJC_MSGSEND = YES;
				GCC_C_LANGUAGE_STANDARD = gnu99;
				GCC_NO_COMMON_BLOCKS = YES;
				GCC_WARN_64_TO_32_BIT_CONVERSION = YES;
				GCC_WARN_ABOUT_RETURN_TYPE = YES_ERROR;
				GCC_WARN_UNDECLARED_SELECTOR = YES;
				GCC_WARN_UNINITIALIZED_AUTOS = YES_AGGRESSIVE;
				GCC_WARN_UNUSED_FUNCTION = YES;
				GCC_WARN_UNUSED_VARIABLE = YES;
				IPHONEOS_DEPLOYMENT_TARGET = 10.1;
				MTL_ENABLE_DEBUG_INFO = NO;
				SDKROOT = iphoneos;
				SWIFT_OPTIMIZATION_LEVEL = "-Owholemodule";
				VALIDATE_PRODUCT = YES;
			};
			name = Release;
		};
		8A7B031B1FD6A76F0028BB9B /* Debug */ = {
			isa = XCBuildConfiguration;
			baseConfigurationReference = 5C1120AABFD1715058793DF6 /* Pods-YoutubeApplication.debug.xcconfig */;
			buildSettings = {
				ASSETCATALOG_COMPILER_APPICON_NAME = AppIcon;
				"CODE_SIGN_IDENTITY[sdk=iphoneos*]" = "iPhone Developer";
				CODE_SIGN_STYLE = Automatic;
				DEVELOPMENT_TEAM = ZS4WE4E828;
				INFOPLIST_FILE = YoutubeApplication/Info.plist;
				IPHONEOS_DEPLOYMENT_TARGET = 11.0;
				LD_RUNPATH_SEARCH_PATHS = "$(inherited) @executable_path/Frameworks";
				PRODUCT_BUNDLE_IDENTIFIER = VS.YoutubeApplication;
				PRODUCT_NAME = "$(TARGET_NAME)";
				PROVISIONING_PROFILE_SPECIFIER = "";
				SWIFT_VERSION = 4.2;
			};
			name = Debug;
		};
		8A7B031C1FD6A76F0028BB9B /* Release */ = {
			isa = XCBuildConfiguration;
			baseConfigurationReference = 181FD587350F5FC5526A520C /* Pods-YoutubeApplication.release.xcconfig */;
			buildSettings = {
				ASSETCATALOG_COMPILER_APPICON_NAME = AppIcon;
				"CODE_SIGN_IDENTITY[sdk=iphoneos*]" = "iPhone Developer";
				CODE_SIGN_STYLE = Automatic;
				DEVELOPMENT_TEAM = ZS4WE4E828;
				INFOPLIST_FILE = YoutubeApplication/Info.plist;
				IPHONEOS_DEPLOYMENT_TARGET = 11.0;
				LD_RUNPATH_SEARCH_PATHS = "$(inherited) @executable_path/Frameworks";
				PRODUCT_BUNDLE_IDENTIFIER = VS.YoutubeApplication;
				PRODUCT_NAME = "$(TARGET_NAME)";
				PROVISIONING_PROFILE_SPECIFIER = "";
				SWIFT_VERSION = 4.2;
			};
			name = Release;
		};
/* End XCBuildConfiguration section */

/* Begin XCConfigurationList section */
		8A7B03031FD6A76E0028BB9B /* Build configuration list for PBXProject "YoutubeApplication" */ = {
			isa = XCConfigurationList;
			buildConfigurations = (
				8A7B03181FD6A76F0028BB9B /* Debug */,
				8A7B03191FD6A76F0028BB9B /* Release */,
			);
			defaultConfigurationIsVisible = 0;
			defaultConfigurationName = Release;
		};
		8A7B031A1FD6A76F0028BB9B /* Build configuration list for PBXNativeTarget "YoutubeApplication" */ = {
			isa = XCConfigurationList;
			buildConfigurations = (
				8A7B031B1FD6A76F0028BB9B /* Debug */,
				8A7B031C1FD6A76F0028BB9B /* Release */,
			);
			defaultConfigurationIsVisible = 0;
			defaultConfigurationName = Release;
		};
/* End XCConfigurationList section */

/* Begin XCVersionGroup section */
		7F5F11C41FFF8136000D1F14 /* YoutubeModel.xcdatamodeld */ = {
			isa = XCVersionGroup;
			children = (
				7F5F11C51FFF8136000D1F14 /* YoutubeModel.xcdatamodel */,
			);
			currentVersion = 7F5F11C51FFF8136000D1F14 /* YoutubeModel.xcdatamodel */;
			path = YoutubeModel.xcdatamodeld;
			sourceTree = "<group>";
			versionGroupType = wrapper.xcdatamodel;
		};
/* End XCVersionGroup section */
	};
	rootObject = 8A7B03001FD6A76E0028BB9B /* Project object */;
}
